
Microsoft Visual Studio Solution File, Format Version 12.00
# Visual Studio Version 16
VisualStudioVersion = 16.0.31702.278
MinimumVisualStudioVersion = 10.0.40219.1
Project("{9A19103F-16F7-4668-BE54-9A1E7A4F7556}") = "Prototype", "Prototype.csproj", "{A3DF8CDC-D8E8-4E4A-B5D3-A570E891EC09}"
EndProject
Global
	GlobalSection(SolutionConfigurationPlatforms) = preSolution
		Debug|Any CPU = Debug|Any CPU
		Release|Any CPU = Release|Any CPU
	EndGlobalSection
	GlobalSection(ProjectConfigurationPlatforms) = postSolution
		{A3DF8CDC-D8E8-4E4A-B5D3-A570E891EC09}.Debug|Any CPU.ActiveCfg = Debug|Any CPU
		{A3DF8CDC-D8E8-4E4A-B5D3-A570E891EC09}.Debug|Any CPU.Build.0 = Debug|Any CPU
		{A3DF8CDC-D8E8-4E4A-B5D3-A570E891EC09}.Release|Any CPU.ActiveCfg = Release|Any CPU
		{A3DF8CDC-D8E8-4E4A-B5D3-A570E891EC09}.Release|Any CPU.Build.0 = Release|Any CPU
	EndGlobalSection
	GlobalSection(SolutionProperties) = preSolution
		HideSolutionNode = FALSE
	EndGlobalSection
	GlobalSection(ExtensibilityGlobals) = postSolution
		SolutionGuid = {DBC75FBA-CA6A-4325-9D88-A9507285A958}
	EndGlobalSection
EndGlobal
